
Microsoft Visual Studio Solution File, Format Version 12.00
# Visual Studio Version 17
VisualStudioVersion = 17.7.34221.43
MinimumVisualStudioVersion = 10.0.40219.1
Project("{2150E333-8FDC-42A3-9474-1A3956D46DE8}") = "src", "src", "{B62A91A8-6023-4589-A01E-5E1D73EA4833}"
EndProject
Project("{2150E333-8FDC-42A3-9474-1A3956D46DE8}") = "tests", "tests", "{11C24366-20B9-422B-99E6-A53888BFE8E5}"
EndProject
Project("{FAE04EC0-301F-11D3-BF4B-00C04F79EFBC}") = "RocketseatAuction.API", "src\RocketseatAuction.API\RocketseatAuction.API.csproj", "{65CCFE4F-E9E2-4388-95CE-1366E0AEA62A}"
EndProject
Global
	GlobalSection(SolutionConfigurationPlatforms) = preSolution
		Debug|Any CPU = Debug|Any CPU
		Release|Any CPU = Release|Any CPU
	EndGlobalSection
	GlobalSection(ProjectConfigurationPlatforms) = postSolution
		{65CCFE4F-E9E2-4388-95CE-1366E0AEA62A}.Debug|Any CPU.ActiveCfg = Debug|Any CPU
		{65CCFE4F-E9E2-4388-95CE-1366E0AEA62A}.Debug|Any CPU.Build.0 = Debug|Any CPU
		{65CCFE4F-E9E2-4388-95CE-1366E0AEA62A}.Release|Any CPU.ActiveCfg = Release|Any CPU
		{65CCFE4F-E9E2-4388-95CE-1366E0AEA62A}.Release|Any CPU.Build.0 = Release|Any CPU
	EndGlobalSection
	GlobalSection(SolutionProperties) = preSolution
		HideSolutionNode = FALSE
	EndGlobalSection
	GlobalSection(NestedProjects) = preSolution
		{65CCFE4F-E9E2-4388-95CE-1366E0AEA62A} = {B62A91A8-6023-4589-A01E-5E1D73EA4833}
	EndGlobalSection
	GlobalSection(ExtensibilityGlobals) = postSolution
		SolutionGuid = {5EFD9808-1FA9-4CBD-9C09-CB18225CA881}
	EndGlobalSection
EndGlobal
